// !$*UTF8*$!
{
	archiveVersion = 1;
	classes = {
	};
	objectVersion = 51;
	objects = {

/* Begin PBXBuildFile section */
		35A12E412210E5676E001673 /* Pods_InstagramCloneProject.framework in Frameworks */ = {isa = PBXBuildFile; fileRef = F5599CA84E4394F14BC3292C /* Pods_InstagramCloneProject.framework */; };
		660516F324CAE7EB004D36A0 /* PhotoSelectCell.swift in Sources */ = {isa = PBXBuildFile; fileRef = 660516F224CAE7EB004D36A0 /* PhotoSelectCell.swift */; };
		660516F524CAEFFF004D36A0 /* PhotoSelectHeader.swift in Sources */ = {isa = PBXBuildFile; fileRef = 660516F424CAEFFF004D36A0 /* PhotoSelectHeader.swift */; };
		663C7EE124C2B11E005DD3C5 /* AppDelegate.swift in Sources */ = {isa = PBXBuildFile; fileRef = 663C7EE024C2B11E005DD3C5 /* AppDelegate.swift */; };
		663C7EE324C2B11E005DD3C5 /* SceneDelegate.swift in Sources */ = {isa = PBXBuildFile; fileRef = 663C7EE224C2B11E005DD3C5 /* SceneDelegate.swift */; };
		663C7EE524C2B11E005DD3C5 /* SignUpController.swift in Sources */ = {isa = PBXBuildFile; fileRef = 663C7EE424C2B11E005DD3C5 /* SignUpController.swift */; };
		663C7EE824C2B11E005DD3C5 /* Main.storyboard in Resources */ = {isa = PBXBuildFile; fileRef = 663C7EE624C2B11E005DD3C5 /* Main.storyboard */; };
		663C7EEA24C2B122005DD3C5 /* Assets.xcassets in Resources */ = {isa = PBXBuildFile; fileRef = 663C7EE924C2B122005DD3C5 /* Assets.xcassets */; };
		663C7EED24C2B122005DD3C5 /* LaunchScreen.storyboard in Resources */ = {isa = PBXBuildFile; fileRef = 663C7EEB24C2B122005DD3C5 /* LaunchScreen.storyboard */; };
		663C7EF624C35C98005DD3C5 /* Extension+UIColor.swift in Sources */ = {isa = PBXBuildFile; fileRef = 663C7EF524C35C98005DD3C5 /* Extension+UIColor.swift */; };
		66461CB324C7CBE900D06384 /* GoogleService-Info.plist in Resources */ = {isa = PBXBuildFile; fileRef = 66461CB224C7CBE900D06384 /* GoogleService-Info.plist */; };
		66461CB624C805C900D06384 /* SignInController.swift in Sources */ = {isa = PBXBuildFile; fileRef = 66461CB524C805C900D06384 /* SignInController.swift */; };
		665F41C524C536580057986D /* User.swift in Sources */ = {isa = PBXBuildFile; fileRef = 665F41C424C536580057986D /* User.swift */; };
		66909F0924C9B7C300A9DDDA /* PhotoSelectController.swift in Sources */ = {isa = PBXBuildFile; fileRef = 66909F0824C9B7C300A9DDDA /* PhotoSelectController.swift */; };
		66F4432724C4FD3A00F86708 /* MainTabBarController.swift in Sources */ = {isa = PBXBuildFile; fileRef = 66F4432624C4FD3A00F86708 /* MainTabBarController.swift */; };
		66F4432924C4FEA100F86708 /* UserProfileController.swift in Sources */ = {isa = PBXBuildFile; fileRef = 66F4432824C4FEA100F86708 /* UserProfileController.swift */; };
		66F4432C24C51DD200F86708 /* UserProfileHeader.swift in Sources */ = {isa = PBXBuildFile; fileRef = 66F4432B24C51DD200F86708 /* UserProfileHeader.swift */; };
/* End PBXBuildFile section */

/* Begin PBXFileReference section */
		660516F224CAE7EB004D36A0 /* PhotoSelectCell.swift */ = {isa = PBXFileReference; lastKnownFileType = sourcecode.swift; path = PhotoSelectCell.swift; sourceTree = "<group>"; };
		660516F424CAEFFF004D36A0 /* PhotoSelectHeader.swift */ = {isa = PBXFileReference; lastKnownFileType = sourcecode.swift; path = PhotoSelectHeader.swift; sourceTree = "<group>"; };
		663C7EDD24C2B11E005DD3C5 /* InstagramCloneProject.app */ = {isa = PBXFileReference; explicitFileType = wrapper.application; includeInIndex = 0; path = InstagramCloneProject.app; sourceTree = BUILT_PRODUCTS_DIR; };
		663C7EE024C2B11E005DD3C5 /* AppDelegate.swift */ = {isa = PBXFileReference; lastKnownFileType = sourcecode.swift; path = AppDelegate.swift; sourceTree = "<group>"; };
		663C7EE224C2B11E005DD3C5 /* SceneDelegate.swift */ = {isa = PBXFileReference; lastKnownFileType = sourcecode.swift; path = SceneDelegate.swift; sourceTree = "<group>"; };
		663C7EE424C2B11E005DD3C5 /* SignUpController.swift */ = {isa = PBXFileReference; lastKnownFileType = sourcecode.swift; path = SignUpController.swift; sourceTree = "<group>"; };
		663C7EE724C2B11E005DD3C5 /* Base */ = {isa = PBXFileReference; lastKnownFileType = file.storyboard; name = Base; path = Base.lproj/Main.storyboard; sourceTree = "<group>"; };
		663C7EE924C2B122005DD3C5 /* Assets.xcassets */ = {isa = PBXFileReference; lastKnownFileType = folder.assetcatalog; path = Assets.xcassets; sourceTree = "<group>"; };
		663C7EEC24C2B122005DD3C5 /* Base */ = {isa = PBXFileReference; lastKnownFileType = file.storyboard; name = Base; path = Base.lproj/LaunchScreen.storyboard; sourceTree = "<group>"; };
		663C7EEE24C2B122005DD3C5 /* Info.plist */ = {isa = PBXFileReference; lastKnownFileType = text.plist.xml; path = Info.plist; sourceTree = "<group>"; };
		663C7EF524C35C98005DD3C5 /* Extension+UIColor.swift */ = {isa = PBXFileReference; lastKnownFileType = sourcecode.swift; path = "Extension+UIColor.swift"; sourceTree = "<group>"; };
		66461CB224C7CBE900D06384 /* GoogleService-Info.plist */ = {isa = PBXFileReference; fileEncoding = 4; lastKnownFileType = text.plist.xml; path = "GoogleService-Info.plist"; sourceTree = "<group>"; };
		66461CB524C805C900D06384 /* SignInController.swift */ = {isa = PBXFileReference; lastKnownFileType = sourcecode.swift; path = SignInController.swift; sourceTree = "<group>"; };
		665F41C424C536580057986D /* User.swift */ = {isa = PBXFileReference; lastKnownFileType = sourcecode.swift; path = User.swift; sourceTree = "<group>"; };
		66909F0824C9B7C300A9DDDA /* PhotoSelectController.swift */ = {isa = PBXFileReference; lastKnownFileType = sourcecode.swift; path = PhotoSelectController.swift; sourceTree = "<group>"; };
		66F4432624C4FD3A00F86708 /* MainTabBarController.swift */ = {isa = PBXFileReference; lastKnownFileType = sourcecode.swift; path = MainTabBarController.swift; sourceTree = "<group>"; };
		66F4432824C4FEA100F86708 /* UserProfileController.swift */ = {isa = PBXFileReference; lastKnownFileType = sourcecode.swift; path = UserProfileController.swift; sourceTree = "<group>"; };
		66F4432B24C51DD200F86708 /* UserProfileHeader.swift */ = {isa = PBXFileReference; lastKnownFileType = sourcecode.swift; path = UserProfileHeader.swift; sourceTree = "<group>"; };
		9532624F50252210F80013CE /* Pods-InstagramCloneProject.release.xcconfig */ = {isa = PBXFileReference; includeInIndex = 1; lastKnownFileType = text.xcconfig; name = "Pods-InstagramCloneProject.release.xcconfig"; path = "Target Support Files/Pods-InstagramCloneProject/Pods-InstagramCloneProject.release.xcconfig"; sourceTree = "<group>"; };
		A748AF23B5D66F5FEEF2D061 /* Pods-InstagramCloneProject.debug.xcconfig */ = {isa = PBXFileReference; includeInIndex = 1; lastKnownFileType = text.xcconfig; name = "Pods-InstagramCloneProject.debug.xcconfig"; path = "Target Support Files/Pods-InstagramCloneProject/Pods-InstagramCloneProject.debug.xcconfig"; sourceTree = "<group>"; };
		F5599CA84E4394F14BC3292C /* Pods_InstagramCloneProject.framework */ = {isa = PBXFileReference; explicitFileType = wrapper.framework; includeInIndex = 0; path = Pods_InstagramCloneProject.framework; sourceTree = BUILT_PRODUCTS_DIR; };
/* End PBXFileReference section */

/* Begin PBXFrameworksBuildPhase section */
		663C7EDA24C2B11E005DD3C5 /* Frameworks */ = {
			isa = PBXFrameworksBuildPhase;
			buildActionMask = 2147483647;
			files = (
				35A12E412210E5676E001673 /* Pods_InstagramCloneProject.framework in Frameworks */,
			);
			runOnlyForDeploymentPostprocessing = 0;
		};
/* End PBXFrameworksBuildPhase section */

/* Begin PBXGroup section */
		491AF86D54BE97561DA7B8A4 /* Frameworks */ = {
			isa = PBXGroup;
			children = (
				F5599CA84E4394F14BC3292C /* Pods_InstagramCloneProject.framework */,
			);
			name = Frameworks;
			sourceTree = "<group>";
		};
		663C7ED424C2B11E005DD3C5 = {
			isa = PBXGroup;
			children = (
				66461CB224C7CBE900D06384 /* GoogleService-Info.plist */,
				663C7EDF24C2B11E005DD3C5 /* InstagramCloneProject */,
				491AF86D54BE97561DA7B8A4 /* Frameworks */,
				8287448AAE3E278A1BB8AA78 /* Pods */,
				663C7EDE24C2B11E005DD3C5 /* Products */,
			);
			sourceTree = "<group>";
		};
		663C7EDE24C2B11E005DD3C5 /* Products */ = {
			isa = PBXGroup;
			children = (
				663C7EDD24C2B11E005DD3C5 /* InstagramCloneProject.app */,
			);
			name = Products;
			sourceTree = "<group>";
		};
		663C7EDF24C2B11E005DD3C5 /* InstagramCloneProject */ = {
			isa = PBXGroup;
			children = (
				66909F0724C9B76900A9DDDA /* Add Media */,
				665F41C324C5363F0057986D /* Model */,
				66461CB424C805A100D06384 /* SignIn */,
				66461CB724C80DDB00D06384 /* SignUp */,
				66773C7924CBFC1000CCFF5C /* Sources */,
				66773C7824CBFB7F00CCFF5C /* Supports */,
				66461CB824C80E1D00D06384 /* TabBar */,
				66F4432A24C51DB200F86708 /* UserProfile */,
				663C7EF424C35C63005DD3C5 /* Utilities */,
			);
			path = InstagramCloneProject;
			sourceTree = "<group>";
		};
		663C7EF424C35C63005DD3C5 /* Utilities */ = {
			isa = PBXGroup;
			children = (
				663C7EF524C35C98005DD3C5 /* Extension+UIColor.swift */,
			);
			path = Utilities;
			sourceTree = "<group>";
		};
		66461CB424C805A100D06384 /* SignIn */ = {
			isa = PBXGroup;
			children = (
				66461CB524C805C900D06384 /* SignInController.swift */,
			);
			path = SignIn;
			sourceTree = "<group>";
		};
		66461CB724C80DDB00D06384 /* SignUp */ = {
			isa = PBXGroup;
			children = (
				663C7EE424C2B11E005DD3C5 /* SignUpController.swift */,
			);
			path = SignUp;
			sourceTree = "<group>";
		};
		66461CB824C80E1D00D06384 /* TabBar */ = {
			isa = PBXGroup;
			children = (
				66F4432624C4FD3A00F86708 /* MainTabBarController.swift */,
			);
			path = TabBar;
			sourceTree = "<group>";
		};
		665F41C324C5363F0057986D /* Model */ = {
			isa = PBXGroup;
			children = (
				665F41C424C536580057986D /* User.swift */,
			);
			path = Model;
			sourceTree = "<group>";
		};
		66773C7824CBFB7F00CCFF5C /* Supports */ = {
			isa = PBXGroup;
			children = (
				663C7EE024C2B11E005DD3C5 /* AppDelegate.swift */,
				663C7EE224C2B11E005DD3C5 /* SceneDelegate.swift */,
				663C7EEE24C2B122005DD3C5 /* Info.plist */,
			);
			path = Supports;
			sourceTree = "<group>";
		};
		66773C7924CBFC1000CCFF5C /* Sources */ = {
			isa = PBXGroup;
			children = (
				663C7EE624C2B11E005DD3C5 /* Main.storyboard */,
				663C7EE924C2B122005DD3C5 /* Assets.xcassets */,
				663C7EEB24C2B122005DD3C5 /* LaunchScreen.storyboard */,
			);
			path = Sources;
			sourceTree = "<group>";
		};
		66909F0724C9B76900A9DDDA /* Add Media */ = {
			isa = PBXGroup;
			children = (
				660516F424CAEFFF004D36A0 /* PhotoSelectHeader.swift */,
				660516F224CAE7EB004D36A0 /* PhotoSelectCell.swift */,
				66909F0824C9B7C300A9DDDA /* PhotoSelectController.swift */,
			);
			path = "Add Media";
			sourceTree = "<group>";
		};
		66F4432A24C51DB200F86708 /* UserProfile */ = {
			isa = PBXGroup;
			children = (
				66F4432B24C51DD200F86708 /* UserProfileHeader.swift */,
				66F4432824C4FEA100F86708 /* UserProfileController.swift */,
			);
			path = UserProfile;
			sourceTree = "<group>";
		};
		8287448AAE3E278A1BB8AA78 /* Pods */ = {
			isa = PBXGroup;
			children = (
				A748AF23B5D66F5FEEF2D061 /* Pods-InstagramCloneProject.debug.xcconfig */,
				9532624F50252210F80013CE /* Pods-InstagramCloneProject.release.xcconfig */,
			);
			path = Pods;
			sourceTree = "<group>";
		};
/* End PBXGroup section */

/* Begin PBXNativeTarget section */
		663C7EDC24C2B11E005DD3C5 /* InstagramCloneProject */ = {
			isa = PBXNativeTarget;
			buildConfigurationList = 663C7EF124C2B122005DD3C5 /* Build configuration list for PBXNativeTarget "InstagramCloneProject" */;
			buildPhases = (
				6CD36341DE9D7BF91A803E33 /* [CP] Check Pods Manifest.lock */,
				663C7ED924C2B11E005DD3C5 /* Sources */,
				663C7EDA24C2B11E005DD3C5 /* Frameworks */,
				663C7EDB24C2B11E005DD3C5 /* Resources */,
				6F9B3AE2DCA354DB34709E0F /* [CP] Embed Pods Frameworks */,
			);
			buildRules = (
			);
			dependencies = (
			);
			name = InstagramCloneProject;
			productName = InstagramCloneProject;
			productReference = 663C7EDD24C2B11E005DD3C5 /* InstagramCloneProject.app */;
			productType = "com.apple.product-type.application";
		};
/* End PBXNativeTarget section */

/* Begin PBXProject section */
		663C7ED524C2B11E005DD3C5 /* Project object */ = {
			isa = PBXProject;
			attributes = {
				LastSwiftUpdateCheck = 1160;
				LastUpgradeCheck = 1160;
				ORGANIZATIONNAME = "halil ibrahim baykan";
				TargetAttributes = {
					663C7EDC24C2B11E005DD3C5 = {
						CreatedOnToolsVersion = 11.6;
					};
				};
			};
			buildConfigurationList = 663C7ED824C2B11E005DD3C5 /* Build configuration list for PBXProject "InstagramCloneProject" */;
			compatibilityVersion = "Xcode 9.3";
			developmentRegion = en;
			hasScannedForEncodings = 0;
			knownRegions = (
				en,
				Base,
			);
			mainGroup = 663C7ED424C2B11E005DD3C5;
			productRefGroup = 663C7EDE24C2B11E005DD3C5 /* Products */;
			projectDirPath = "";
			projectRoot = "";
			targets = (
				663C7EDC24C2B11E005DD3C5 /* InstagramCloneProject */,
			);
		};
/* End PBXProject section */

/* Begin PBXResourcesBuildPhase section */
		663C7EDB24C2B11E005DD3C5 /* Resources */ = {
			isa = PBXResourcesBuildPhase;
			buildActionMask = 2147483647;
			files = (
				663C7EED24C2B122005DD3C5 /* LaunchScreen.storyboard in Resources */,
				66461CB324C7CBE900D06384 /* GoogleService-Info.plist in Resources */,
				663C7EEA24C2B122005DD3C5 /* Assets.xcassets in Resources */,
				663C7EE824C2B11E005DD3C5 /* Main.storyboard in Resources */,
			);
			runOnlyForDeploymentPostprocessing = 0;
		};
/* End PBXResourcesBuildPhase section */

/* Begin PBXShellScriptBuildPhase section */
		6CD36341DE9D7BF91A803E33 /* [CP] Check Pods Manifest.lock */ = {
			isa = PBXShellScriptBuildPhase;
			buildActionMask = 2147483647;
			files = (
			);
			inputFileListPaths = (
			);
			inputPaths = (
				"${PODS_PODFILE_DIR_PATH}/Podfile.lock",
				"${PODS_ROOT}/Manifest.lock",
			);
			name = "[CP] Check Pods Manifest.lock";
			outputFileListPaths = (
			);
			outputPaths = (
				"$(DERIVED_FILE_DIR)/Pods-InstagramCloneProject-checkManifestLockResult.txt",
			);
			runOnlyForDeploymentPostprocessing = 0;
			shellPath = /bin/sh;
			shellScript = "diff \"${PODS_PODFILE_DIR_PATH}/Podfile.lock\" \"${PODS_ROOT}/Manifest.lock\" > /dev/null\nif [ $? != 0 ] ; then\n    # print error to STDERR\n    echo \"error: The sandbox is not in sync with the Podfile.lock. Run 'pod install' or update your CocoaPods installation.\" >&2\n    exit 1\nfi\n# This output is used by Xcode 'outputs' to avoid re-running this script phase.\necho \"SUCCESS\" > \"${SCRIPT_OUTPUT_FILE_0}\"\n";
			showEnvVarsInLog = 0;
		};
		6F9B3AE2DCA354DB34709E0F /* [CP] Embed Pods Frameworks */ = {
			isa = PBXShellScriptBuildPhase;
			buildActionMask = 2147483647;
			files = (
			);
			inputFileListPaths = (
				"${PODS_ROOT}/Target Support Files/Pods-InstagramCloneProject/Pods-InstagramCloneProject-frameworks-${CONFIGURATION}-input-files.xcfilelist",
			);
			name = "[CP] Embed Pods Frameworks";
			outputFileListPaths = (
				"${PODS_ROOT}/Target Support Files/Pods-InstagramCloneProject/Pods-InstagramCloneProject-frameworks-${CONFIGURATION}-output-files.xcfilelist",
			);
			runOnlyForDeploymentPostprocessing = 0;
			shellPath = /bin/sh;
			shellScript = "\"${PODS_ROOT}/Target Support Files/Pods-InstagramCloneProject/Pods-InstagramCloneProject-frameworks.sh\"\n";
			showEnvVarsInLog = 0;
		};
/* End PBXShellScriptBuildPhase section */

/* Begin PBXSourcesBuildPhase section */
		663C7ED924C2B11E005DD3C5 /* Sources */ = {
			isa = PBXSourcesBuildPhase;
			buildActionMask = 2147483647;
			files = (
				663C7EE524C2B11E005DD3C5 /* SignUpController.swift in Sources */,
				660516F524CAEFFF004D36A0 /* PhotoSelectHeader.swift in Sources */,
				66F4432C24C51DD200F86708 /* UserProfileHeader.swift in Sources */,
				663C7EE124C2B11E005DD3C5 /* AppDelegate.swift in Sources */,
				66F4432924C4FEA100F86708 /* UserProfileController.swift in Sources */,
				66461CB624C805C900D06384 /* SignInController.swift in Sources */,
				665F41C524C536580057986D /* User.swift in Sources */,
				66F4432724C4FD3A00F86708 /* MainTabBarController.swift in Sources */,
				663C7EE324C2B11E005DD3C5 /* SceneDelegate.swift in Sources */,
				66909F0924C9B7C300A9DDDA /* PhotoSelectController.swift in Sources */,
				660516F324CAE7EB004D36A0 /* PhotoSelectCell.swift in Sources */,
				663C7EF624C35C98005DD3C5 /* Extension+UIColor.swift in Sources */,
			);
			runOnlyForDeploymentPostprocessing = 0;
		};
/* End PBXSourcesBuildPhase section */

/* Begin PBXVariantGroup section */
		663C7EE624C2B11E005DD3C5 /* Main.storyboard */ = {
			isa = PBXVariantGroup;
			children = (
				663C7EE724C2B11E005DD3C5 /* Base */,
			);
			name = Main.storyboard;
			sourceTree = "<group>";
		};
		663C7EEB24C2B122005DD3C5 /* LaunchScreen.storyboard */ = {
			isa = PBXVariantGroup;
			children = (
				663C7EEC24C2B122005DD3C5 /* Base */,
			);
			name = LaunchScreen.storyboard;
			sourceTree = "<group>";
		};
/* End PBXVariantGroup section */

/* Begin XCBuildConfiguration section */
		663C7EEF24C2B122005DD3C5 /* Debug */ = {
			isa = XCBuildConfiguration;
			buildSettings = {
				ALWAYS_SEARCH_USER_PATHS = NO;
				CLANG_ANALYZER_NONNULL = YES;
				CLANG_ANALYZER_NUMBER_OBJECT_CONVERSION = YES_AGGRESSIVE;
				CLANG_CXX_LANGUAGE_STANDARD = "gnu++14";
				CLANG_CXX_LIBRARY = "libc++";
				CLANG_ENABLE_MODULES = YES;
				CLANG_ENABLE_OBJC_ARC = YES;
				CLANG_ENABLE_OBJC_WEAK = YES;
				CLANG_WARN_BLOCK_CAPTURE_AUTORELEASING = YES;
				CLANG_WARN_BOOL_CONVERSION = YES;
				CLANG_WARN_COMMA = YES;
				CLANG_WARN_CONSTANT_CONVERSION = YES;
				CLANG_WARN_DEPRECATED_OBJC_IMPLEMENTATIONS = YES;
				CLANG_WARN_DIRECT_OBJC_ISA_USAGE = YES_ERROR;
				CLANG_WARN_DOCUMENTATION_COMMENTS = YES;
				CLANG_WARN_EMPTY_BODY = YES;
				CLANG_WARN_ENUM_CONVERSION = YES;
				CLANG_WARN_INFINITE_RECURSION = YES;
				CLANG_WARN_INT_CONVERSION = YES;
				CLANG_WARN_NON_LITERAL_NULL_CONVERSION = YES;
				CLANG_WARN_OBJC_IMPLICIT_RETAIN_SELF = YES;
				CLANG_WARN_OBJC_LITERAL_CONVERSION = YES;
				CLANG_WARN_OBJC_ROOT_CLASS = YES_ERROR;
				CLANG_WARN_RANGE_LOOP_ANALYSIS = YES;
				CLANG_WARN_STRICT_PROTOTYPES = YES;
				CLANG_WARN_SUSPICIOUS_MOVE = YES;
				CLANG_WARN_UNGUARDED_AVAILABILITY = YES_AGGRESSIVE;
				CLANG_WARN_UNREACHABLE_CODE = YES;
				CLANG_WARN__DUPLICATE_METHOD_MATCH = YES;
				COPY_PHASE_STRIP = NO;
				DEBUG_INFORMATION_FORMAT = dwarf;
				ENABLE_STRICT_OBJC_MSGSEND = YES;
				ENABLE_TESTABILITY = YES;
				GCC_C_LANGUAGE_STANDARD = gnu11;
				GCC_DYNAMIC_NO_PIC = NO;
				GCC_NO_COMMON_BLOCKS = YES;
				GCC_OPTIMIZATION_LEVEL = 0;
				GCC_PREPROCESSOR_DEFINITIONS = (
					"DEBUG=1",
					"$(inherited)",
				);
				GCC_WARN_64_TO_32_BIT_CONVERSION = YES;
				GCC_WARN_ABOUT_RETURN_TYPE = YES_ERROR;
				GCC_WARN_UNDECLARED_SELECTOR = YES;
				GCC_WARN_UNINITIALIZED_AUTOS = YES_AGGRESSIVE;
				GCC_WARN_UNUSED_FUNCTION = YES;
				GCC_WARN_UNUSED_VARIABLE = YES;
				IPHONEOS_DEPLOYMENT_TARGET = 13.6;
				MTL_ENABLE_DEBUG_INFO = INCLUDE_SOURCE;
				MTL_FAST_MATH = YES;
				ONLY_ACTIVE_ARCH = YES;
				SDKROOT = iphoneos;
				SWIFT_ACTIVE_COMPILATION_CONDITIONS = DEBUG;
				SWIFT_OPTIMIZATION_LEVEL = "-Onone";
			};
			name = Debug;
		};
		663C7EF024C2B122005DD3C5 /* Release */ = {
			isa = XCBuildConfiguration;
			buildSettings = {
				ALWAYS_SEARCH_USER_PATHS = NO;
				CLANG_ANALYZER_NONNULL = YES;
				CLANG_ANALYZER_NUMBER_OBJECT_CONVERSION = YES_AGGRESSIVE;
				CLANG_CXX_LANGUAGE_STANDARD = "gnu++14";
				CLANG_CXX_LIBRARY = "libc++";
				CLANG_ENABLE_MODULES = YES;
				CLANG_ENABLE_OBJC_ARC = YES;
				CLANG_ENABLE_OBJC_WEAK = YES;
				CLANG_WARN_BLOCK_CAPTURE_AUTORELEASING = YES;
				CLANG_WARN_BOOL_CONVERSION = YES;
				CLANG_WARN_COMMA = YES;
				CLANG_WARN_CONSTANT_CONVERSION = YES;
				CLANG_WARN_DEPRECATED_OBJC_IMPLEMENTATIONS = YES;
				CLANG_WARN_DIRECT_OBJC_ISA_USAGE = YES_ERROR;
				CLANG_WARN_DOCUMENTATION_COMMENTS = YES;
				CLANG_WARN_EMPTY_BODY = YES;
				CLANG_WARN_ENUM_CONVERSION = YES;
				CLANG_WARN_INFINITE_RECURSION = YES;
				CLANG_WARN_INT_CONVERSION = YES;
				CLANG_WARN_NON_LITERAL_NULL_CONVERSION = YES;
				CLANG_WARN_OBJC_IMPLICIT_RETAIN_SELF = YES;
				CLANG_WARN_OBJC_LITERAL_CONVERSION = YES;
				CLANG_WARN_OBJC_ROOT_CLASS = YES_ERROR;
				CLANG_WARN_RANGE_LOOP_ANALYSIS = YES;
				CLANG_WARN_STRICT_PROTOTYPES = YES;
				CLANG_WARN_SUSPICIOUS_MOVE = YES;
				CLANG_WARN_UNGUARDED_AVAILABILITY = YES_AGGRESSIVE;
				CLANG_WARN_UNREACHABLE_CODE = YES;
				CLANG_WARN__DUPLICATE_METHOD_MATCH = YES;
				COPY_PHASE_STRIP = NO;
				DEBUG_INFORMATION_FORMAT = "dwarf-with-dsym";
				ENABLE_NS_ASSERTIONS = NO;
				ENABLE_STRICT_OBJC_MSGSEND = YES;
				GCC_C_LANGUAGE_STANDARD = gnu11;
				GCC_NO_COMMON_BLOCKS = YES;
				GCC_WARN_64_TO_32_BIT_CONVERSION = YES;
				GCC_WARN_ABOUT_RETURN_TYPE = YES_ERROR;
				GCC_WARN_UNDECLARED_SELECTOR = YES;
				GCC_WARN_UNINITIALIZED_AUTOS = YES_AGGRESSIVE;
				GCC_WARN_UNUSED_FUNCTION = YES;
				GCC_WARN_UNUSED_VARIABLE = YES;
				IPHONEOS_DEPLOYMENT_TARGET = 13.6;
				MTL_ENABLE_DEBUG_INFO = NO;
				MTL_FAST_MATH = YES;
				SDKROOT = iphoneos;
				SWIFT_COMPILATION_MODE = wholemodule;
				SWIFT_OPTIMIZATION_LEVEL = "-O";
				VALIDATE_PRODUCT = YES;
			};
			name = Release;
		};
		663C7EF224C2B122005DD3C5 /* Debug */ = {
			isa = XCBuildConfiguration;
			baseConfigurationReference = A748AF23B5D66F5FEEF2D061 /* Pods-InstagramCloneProject.debug.xcconfig */;
			buildSettings = {
				ASSETCATALOG_COMPILER_APPICON_NAME = AppIcon;
				CODE_SIGN_STYLE = Automatic;
				CURRENT_PROJECT_VERSION = 1;
				DEVELOPMENT_TEAM = NGS23TV8QR;
				GCC_NO_COMMON_BLOCKS = NO;
				INFOPLIST_FILE = InstagramCloneProject/Supports/Info.plist;
				LD_RUNPATH_SEARCH_PATHS = (
					"$(inherited)",
					"@executable_path/Frameworks",
				);
				MARKETING_VERSION = 1.0;
				PRODUCT_BUNDLE_IDENTIFIER = baykan.InstagramCloneProject;
				PRODUCT_NAME = "$(TARGET_NAME)";
				SWIFT_VERSION = 5.0;
				TARGETED_DEVICE_FAMILY = 1;
			};
			name = Debug;
		};
		663C7EF324C2B122005DD3C5 /* Release */ = {
			isa = XCBuildConfiguration;
			baseConfigurationReference = 9532624F50252210F80013CE /* Pods-InstagramCloneProject.release.xcconfig */;
			buildSettings = {
				ASSETCATALOG_COMPILER_APPICON_NAME = AppIcon;
				CODE_SIGN_STYLE = Automatic;
				CURRENT_PROJECT_VERSION = 1;
				DEVELOPMENT_TEAM = NGS23TV8QR;
				GCC_NO_COMMON_BLOCKS = NO;
				INFOPLIST_FILE = InstagramCloneProject/Supports/Info.plist;
				LD_RUNPATH_SEARCH_PATHS = (
					"$(inherited)",
					"@executable_path/Frameworks",
				);
				MARKETING_VERSION = 1.0;
				PRODUCT_BUNDLE_IDENTIFIER = baykan.InstagramCloneProject;
				PRODUCT_NAME = "$(TARGET_NAME)";
				SWIFT_VERSION = 5.0;
				TARGETED_DEVICE_FAMILY = 1;
			};
			name = Release;
		};
/* End XCBuildConfiguration section */

/* Begin XCConfigurationList section */
		663C7ED824C2B11E005DD3C5 /* Build configuration list for PBXProject "InstagramCloneProject" */ = {
			isa = XCConfigurationList;
			buildConfigurations = (
				663C7EEF24C2B122005DD3C5 /* Debug */,
				663C7EF024C2B122005DD3C5 /* Release */,
			);
			defaultConfigurationIsVisible = 0;
			defaultConfigurationName = Release;
		};
		663C7EF124C2B122005DD3C5 /* Build configuration list for PBXNativeTarget "InstagramCloneProject" */ = {
			isa = XCConfigurationList;
			buildConfigurations = (
				663C7EF224C2B122005DD3C5 /* Debug */,
				663C7EF324C2B122005DD3C5 /* Release */,
			);
			defaultConfigurationIsVisible = 0;
			defaultConfigurationName = Release;
		};
/* End XCConfigurationList section */
	};
	rootObject = 663C7ED524C2B11E005DD3C5 /* Project object */;
}
